// !$*UTF8*$!
{
	archiveVersion = 1;
	classes = {
	};
	objectVersion = 46;
	objects = {

/* Begin PBXBuildFile section */
		4F631598A5A8B0EBB7F7B332 /* libPods-RealmTestTests.a in Frameworks */ = {isa = PBXBuildFile; fileRef = E7BD50E76E833458FCA58042 /* libPods-RealmTestTests.a */; };
		B51F6BBD1A6DB6A900B2DA53 /* AppDelegate.swift in Sources */ = {isa = PBXBuildFile; fileRef = B51F6BBC1A6DB6A900B2DA53 /* AppDelegate.swift */; };
		B51F6BBF1A6DB6A900B2DA53 /* ViewController.swift in Sources */ = {isa = PBXBuildFile; fileRef = B51F6BBE1A6DB6A900B2DA53 /* ViewController.swift */; };
		B51F6BC21A6DB6A900B2DA53 /* Main.storyboard in Resources */ = {isa = PBXBuildFile; fileRef = B51F6BC01A6DB6A900B2DA53 /* Main.storyboard */; };
		B51F6BC41A6DB6A900B2DA53 /* Images.xcassets in Resources */ = {isa = PBXBuildFile; fileRef = B51F6BC31A6DB6A900B2DA53 /* Images.xcassets */; };
		B51F6BC71A6DB6A900B2DA53 /* LaunchScreen.xib in Resources */ = {isa = PBXBuildFile; fileRef = B51F6BC51A6DB6A900B2DA53 /* LaunchScreen.xib */; };
		B51F6BD31A6DB6A900B2DA53 /* RealmTestCase.swift in Sources */ = {isa = PBXBuildFile; fileRef = B51F6BD21A6DB6A900B2DA53 /* RealmTestCase.swift */; };
		B51F6BDD1A6DB6EC00B2DA53 /* TestUser.swift in Sources */ = {isa = PBXBuildFile; fileRef = B51F6BDC1A6DB6EC00B2DA53 /* TestUser.swift */; };
		B51F6BE31A6DB95500B2DA53 /* TestUserTests.swift in Sources */ = {isa = PBXBuildFile; fileRef = B51F6BE21A6DB95500B2DA53 /* TestUserTests.swift */; };
		CD8659FADB81383ECA95E23A /* libPods-RealmTest.a in Frameworks */ = {isa = PBXBuildFile; fileRef = 1A86CF4969395D313B210462 /* libPods-RealmTest.a */; };
/* End PBXBuildFile section */

/* Begin PBXContainerItemProxy section */
		B51F6BCD1A6DB6A900B2DA53 /* PBXContainerItemProxy */ = {
			isa = PBXContainerItemProxy;
			containerPortal = B51F6BAF1A6DB6A900B2DA53 /* Project object */;
			proxyType = 1;
			remoteGlobalIDString = B51F6BB61A6DB6A900B2DA53;
			remoteInfo = RealmTest;
		};
/* End PBXContainerItemProxy section */

/* Begin PBXFileReference section */
		1A86CF4969395D313B210462 /* libPods-RealmTest.a */ = {isa = PBXFileReference; explicitFileType = archive.ar; includeInIndex = 0; path = "libPods-RealmTest.a"; sourceTree = BUILT_PRODUCTS_DIR; };
		1F3D35979B1A6BE988698994 /* Pods-RealmTest.debug.xcconfig */ = {isa = PBXFileReference; includeInIndex = 1; lastKnownFileType = text.xcconfig; name = "Pods-RealmTest.debug.xcconfig"; path = "Pods/Target Support Files/Pods-RealmTest/Pods-RealmTest.debug.xcconfig"; sourceTree = "<group>"; };
		610F06B86345BC7582627B1E /* Pods-RealmTestTests.debug.xcconfig */ = {isa = PBXFileReference; includeInIndex = 1; lastKnownFileType = text.xcconfig; name = "Pods-RealmTestTests.debug.xcconfig"; path = "Pods/Target Support Files/Pods-RealmTestTests/Pods-RealmTestTests.debug.xcconfig"; sourceTree = "<group>"; };
		B1483A67B5B091320B88ECB0 /* Pods-RealmTest.release.xcconfig */ = {isa = PBXFileReference; includeInIndex = 1; lastKnownFileType = text.xcconfig; name = "Pods-RealmTest.release.xcconfig"; path = "Pods/Target Support Files/Pods-RealmTest/Pods-RealmTest.release.xcconfig"; sourceTree = "<group>"; };
		B51F6BB71A6DB6A900B2DA53 /* RealmTest.app */ = {isa = PBXFileReference; explicitFileType = wrapper.application; includeInIndex = 0; path = RealmTest.app; sourceTree = BUILT_PRODUCTS_DIR; };
		B51F6BBB1A6DB6A900B2DA53 /* Info.plist */ = {isa = PBXFileReference; lastKnownFileType = text.plist.xml; path = Info.plist; sourceTree = "<group>"; };
		B51F6BBC1A6DB6A900B2DA53 /* AppDelegate.swift */ = {isa = PBXFileReference; lastKnownFileType = sourcecode.swift; path = AppDelegate.swift; sourceTree = "<group>"; };
		B51F6BBE1A6DB6A900B2DA53 /* ViewController.swift */ = {isa = PBXFileReference; lastKnownFileType = sourcecode.swift; path = ViewController.swift; sourceTree = "<group>"; };
		B51F6BC11A6DB6A900B2DA53 /* Base */ = {isa = PBXFileReference; lastKnownFileType = file.storyboard; name = Base; path = Base.lproj/Main.storyboard; sourceTree = "<group>"; };
		B51F6BC31A6DB6A900B2DA53 /* Images.xcassets */ = {isa = PBXFileReference; lastKnownFileType = folder.assetcatalog; path = Images.xcassets; sourceTree = "<group>"; };
		B51F6BC61A6DB6A900B2DA53 /* Base */ = {isa = PBXFileReference; lastKnownFileType = file.xib; name = Base; path = Base.lproj/LaunchScreen.xib; sourceTree = "<group>"; };
		B51F6BCC1A6DB6A900B2DA53 /* RealmTestTests.xctest */ = {isa = PBXFileReference; explicitFileType = wrapper.cfbundle; includeInIndex = 0; path = RealmTestTests.xctest; sourceTree = BUILT_PRODUCTS_DIR; };
		B51F6BD11A6DB6A900B2DA53 /* Info.plist */ = {isa = PBXFileReference; lastKnownFileType = text.plist.xml; path = Info.plist; sourceTree = "<group>"; };
		B51F6BD21A6DB6A900B2DA53 /* RealmTestCase.swift */ = {isa = PBXFileReference; lastKnownFileType = sourcecode.swift; path = RealmTestCase.swift; sourceTree = "<group>"; };
		B51F6BDC1A6DB6EC00B2DA53 /* TestUser.swift */ = {isa = PBXFileReference; fileEncoding = 4; lastKnownFileType = sourcecode.swift; path = TestUser.swift; sourceTree = "<group>"; };
		B51F6BDF1A6DB86100B2DA53 /* RealmTest-Bridging-Header.h */ = {isa = PBXFileReference; lastKnownFileType = sourcecode.c.h; path = "RealmTest-Bridging-Header.h"; sourceTree = SOURCE_ROOT; };
		B51F6BE21A6DB95500B2DA53 /* TestUserTests.swift */ = {isa = PBXFileReference; fileEncoding = 4; lastKnownFileType = sourcecode.swift; path = TestUserTests.swift; sourceTree = "<group>"; };
		B5CEF715A3BE92090859D33A /* Pods-RealmTestTests.release.xcconfig */ = {isa = PBXFileReference; includeInIndex = 1; lastKnownFileType = text.xcconfig; name = "Pods-RealmTestTests.release.xcconfig"; path = "Pods/Target Support Files/Pods-RealmTestTests/Pods-RealmTestTests.release.xcconfig"; sourceTree = "<group>"; };
		E7BD50E76E833458FCA58042 /* libPods-RealmTestTests.a */ = {isa = PBXFileReference; explicitFileType = archive.ar; includeInIndex = 0; path = "libPods-RealmTestTests.a"; sourceTree = BUILT_PRODUCTS_DIR; };
/* End PBXFileReference section */

/* Begin PBXFrameworksBuildPhase section */
		B51F6BB41A6DB6A900B2DA53 /* Frameworks */ = {
			isa = PBXFrameworksBuildPhase;
			buildActionMask = 2147483647;
			files = (
				CD8659FADB81383ECA95E23A /* libPods-RealmTest.a in Frameworks */,
			);
			runOnlyForDeploymentPostprocessing = 0;
		};
		B51F6BC91A6DB6A900B2DA53 /* Frameworks */ = {
			isa = PBXFrameworksBuildPhase;
			buildActionMask = 2147483647;
			files = (
				4F631598A5A8B0EBB7F7B332 /* libPods-RealmTestTests.a in Frameworks */,
			);
			runOnlyForDeploymentPostprocessing = 0;
		};
/* End PBXFrameworksBuildPhase section */

/* Begin PBXGroup section */
		AD20D85A25076FBF422A18EF /* Pods */ = {
			isa = PBXGroup;
			children = (
				1F3D35979B1A6BE988698994 /* Pods-RealmTest.debug.xcconfig */,
				B1483A67B5B091320B88ECB0 /* Pods-RealmTest.release.xcconfig */,
				610F06B86345BC7582627B1E /* Pods-RealmTestTests.debug.xcconfig */,
				B5CEF715A3BE92090859D33A /* Pods-RealmTestTests.release.xcconfig */,
			);
			name = Pods;
			sourceTree = "<group>";
		};
		B51F6BAE1A6DB6A900B2DA53 = {
			isa = PBXGroup;
			children = (
				B51F6BB91A6DB6A900B2DA53 /* RealmTest */,
				B51F6BCF1A6DB6A900B2DA53 /* RealmTestTests */,
				B51F6BB81A6DB6A900B2DA53 /* Products */,
				AD20D85A25076FBF422A18EF /* Pods */,
				F78490DEBB980C57585B56B9 /* Frameworks */,
			);
			sourceTree = "<group>";
		};
		B51F6BB81A6DB6A900B2DA53 /* Products */ = {
			isa = PBXGroup;
			children = (
				B51F6BB71A6DB6A900B2DA53 /* RealmTest.app */,
				B51F6BCC1A6DB6A900B2DA53 /* RealmTestTests.xctest */,
			);
			name = Products;
			sourceTree = "<group>";
		};
		B51F6BB91A6DB6A900B2DA53 /* RealmTest */ = {
			isa = PBXGroup;
			children = (
				B51F6BBC1A6DB6A900B2DA53 /* AppDelegate.swift */,
				B51F6BBE1A6DB6A900B2DA53 /* ViewController.swift */,
				B51F6BDC1A6DB6EC00B2DA53 /* TestUser.swift */,
				B51F6BDF1A6DB86100B2DA53 /* RealmTest-Bridging-Header.h */,
				B51F6BC01A6DB6A900B2DA53 /* Main.storyboard */,
				B51F6BC31A6DB6A900B2DA53 /* Images.xcassets */,
				B51F6BC51A6DB6A900B2DA53 /* LaunchScreen.xib */,
				B51F6BBA1A6DB6A900B2DA53 /* Supporting Files */,
			);
			path = RealmTest;
			sourceTree = "<group>";
		};
		B51F6BBA1A6DB6A900B2DA53 /* Supporting Files */ = {
			isa = PBXGroup;
			children = (
				B51F6BBB1A6DB6A900B2DA53 /* Info.plist */,
			);
			name = "Supporting Files";
			sourceTree = "<group>";
		};
		B51F6BCF1A6DB6A900B2DA53 /* RealmTestTests */ = {
			isa = PBXGroup;
			children = (
				B51F6BD21A6DB6A900B2DA53 /* RealmTestCase.swift */,
				B51F6BD01A6DB6A900B2DA53 /* Supporting Files */,
				B51F6BE21A6DB95500B2DA53 /* TestUserTests.swift */,
			);
			path = RealmTestTests;
			sourceTree = "<group>";
		};
		B51F6BD01A6DB6A900B2DA53 /* Supporting Files */ = {
			isa = PBXGroup;
			children = (
				B51F6BD11A6DB6A900B2DA53 /* Info.plist */,
			);
			name = "Supporting Files";
			sourceTree = "<group>";
		};
		F78490DEBB980C57585B56B9 /* Frameworks */ = {
			isa = PBXGroup;
			children = (
				1A86CF4969395D313B210462 /* libPods-RealmTest.a */,
				E7BD50E76E833458FCA58042 /* libPods-RealmTestTests.a */,
			);
			name = Frameworks;
			sourceTree = "<group>";
		};
/* End PBXGroup section */

/* Begin PBXNativeTarget section */
		B51F6BB61A6DB6A900B2DA53 /* RealmTest */ = {
			isa = PBXNativeTarget;
			buildConfigurationList = B51F6BD61A6DB6A900B2DA53 /* Build configuration list for PBXNativeTarget "RealmTest" */;
			buildPhases = (
				A370F7E72FFEF9BF4F6D7EDB /* Check Pods Manifest.lock */,
				B51F6BB31A6DB6A900B2DA53 /* Sources */,
				B51F6BB41A6DB6A900B2DA53 /* Frameworks */,
				B51F6BB51A6DB6A900B2DA53 /* Resources */,
				B0A8ED28534DFA38668F79C9 /* Copy Pods Resources */,
			);
			buildRules = (
			);
			dependencies = (
			);
			name = RealmTest;
			productName = RealmTest;
			productReference = B51F6BB71A6DB6A900B2DA53 /* RealmTest.app */;
			productType = "com.apple.product-type.application";
		};
		B51F6BCB1A6DB6A900B2DA53 /* RealmTestTests */ = {
			isa = PBXNativeTarget;
			buildConfigurationList = B51F6BD91A6DB6A900B2DA53 /* Build configuration list for PBXNativeTarget "RealmTestTests" */;
			buildPhases = (
				250829500EA23D89E30913E5 /* Check Pods Manifest.lock */,
				B51F6BC81A6DB6A900B2DA53 /* Sources */,
				B51F6BC91A6DB6A900B2DA53 /* Frameworks */,
				B51F6BCA1A6DB6A900B2DA53 /* Resources */,
				9795B6B76C47F041E463B1E8 /* Copy Pods Resources */,
			);
			buildRules = (
			);
			dependencies = (
				B51F6BCE1A6DB6A900B2DA53 /* PBXTargetDependency */,
			);
			name = RealmTestTests;
			productName = RealmTestTests;
			productReference = B51F6BCC1A6DB6A900B2DA53 /* RealmTestTests.xctest */;
			productType = "com.apple.product-type.bundle.unit-test";
		};
/* End PBXNativeTarget section */

/* Begin PBXProject section */
		B51F6BAF1A6DB6A900B2DA53 /* Project object */ = {
			isa = PBXProject;
			attributes = {
				LastUpgradeCheck = 0610;
				ORGANIZATIONNAME = bredfield;
				TargetAttributes = {
					B51F6BB61A6DB6A900B2DA53 = {
						CreatedOnToolsVersion = 6.1.1;
					};
					B51F6BCB1A6DB6A900B2DA53 = {
						CreatedOnToolsVersion = 6.1.1;
						TestTargetID = B51F6BB61A6DB6A900B2DA53;
					};
				};
			};
			buildConfigurationList = B51F6BB21A6DB6A900B2DA53 /* Build configuration list for PBXProject "RealmTest" */;
			compatibilityVersion = "Xcode 3.2";
			developmentRegion = English;
			hasScannedForEncodings = 0;
			knownRegions = (
				en,
				Base,
			);
			mainGroup = B51F6BAE1A6DB6A900B2DA53;
			productRefGroup = B51F6BB81A6DB6A900B2DA53 /* Products */;
			projectDirPath = "";
			projectRoot = "";
			targets = (
				B51F6BB61A6DB6A900B2DA53 /* RealmTest */,
				B51F6BCB1A6DB6A900B2DA53 /* RealmTestTests */,
			);
		};
/* End PBXProject section */

/* Begin PBXResourcesBuildPhase section */
		B51F6BB51A6DB6A900B2DA53 /* Resources */ = {
			isa = PBXResourcesBuildPhase;
			buildActionMask = 2147483647;
			files = (
				B51F6BC21A6DB6A900B2DA53 /* Main.storyboard in Resources */,
				B51F6BC71A6DB6A900B2DA53 /* LaunchScreen.xib in Resources */,
				B51F6BC41A6DB6A900B2DA53 /* Images.xcassets in Resources */,
			);
			runOnlyForDeploymentPostprocessing = 0;
		};
		B51F6BCA1A6DB6A900B2DA53 /* Resources */ = {
			isa = PBXResourcesBuildPhase;
			buildActionMask = 2147483647;
			files = (
			);
			runOnlyForDeploymentPostprocessing = 0;
		};
/* End PBXResourcesBuildPhase section */

/* Begin PBXShellScriptBuildPhase section */
		250829500EA23D89E30913E5 /* Check Pods Manifest.lock */ = {
			isa = PBXShellScriptBuildPhase;
			buildActionMask = 2147483647;
			files = (
			);
			inputPaths = (
			);
			name = "Check Pods Manifest.lock";
			outputPaths = (
			);
			runOnlyForDeploymentPostprocessing = 0;
			shellPath = /bin/sh;
			shellScript = "diff \"${PODS_ROOT}/../Podfile.lock\" \"${PODS_ROOT}/Manifest.lock\" > /dev/null\nif [[ $? != 0 ]] ; then\n    cat << EOM\nerror: The sandbox is not in sync with the Podfile.lock. Run 'pod install' or update your CocoaPods installation.\nEOM\n    exit 1\nfi\n";
			showEnvVarsInLog = 0;
		};
		9795B6B76C47F041E463B1E8 /* Copy Pods Resources */ = {
			isa = PBXShellScriptBuildPhase;
			buildActionMask = 2147483647;
			files = (
			);
			inputPaths = (
			);
			name = "Copy Pods Resources";
			outputPaths = (
			);
			runOnlyForDeploymentPostprocessing = 0;
			shellPath = /bin/sh;
			shellScript = "\"${SRCROOT}/Pods/Target Support Files/Pods-RealmTestTests/Pods-RealmTestTests-resources.sh\"\n";
			showEnvVarsInLog = 0;
		};
		A370F7E72FFEF9BF4F6D7EDB /* Check Pods Manifest.lock */ = {
			isa = PBXShellScriptBuildPhase;
			buildActionMask = 2147483647;
			files = (
			);
			inputPaths = (
			);
			name = "Check Pods Manifest.lock";
			outputPaths = (
			);
			runOnlyForDeploymentPostprocessing = 0;
			shellPath = /bin/sh;
			shellScript = "diff \"${PODS_ROOT}/../Podfile.lock\" \"${PODS_ROOT}/Manifest.lock\" > /dev/null\nif [[ $? != 0 ]] ; then\n    cat << EOM\nerror: The sandbox is not in sync with the Podfile.lock. Run 'pod install' or update your CocoaPods installation.\nEOM\n    exit 1\nfi\n";
			showEnvVarsInLog = 0;
		};
		B0A8ED28534DFA38668F79C9 /* Copy Pods Resources */ = {
			isa = PBXShellScriptBuildPhase;
			buildActionMask = 2147483647;
			files = (
			);
			inputPaths = (
			);
			name = "Copy Pods Resources";
			outputPaths = (
			);
			runOnlyForDeploymentPostprocessing = 0;
			shellPath = /bin/sh;
			shellScript = "\"${SRCROOT}/Pods/Target Support Files/Pods-RealmTest/Pods-RealmTest-resources.sh\"\n";
			showEnvVarsInLog = 0;
		};
/* End PBXShellScriptBuildPhase section */

/* Begin PBXSourcesBuildPhase section */
		B51F6BB31A6DB6A900B2DA53 /* Sources */ = {
			isa = PBXSourcesBuildPhase;
			buildActionMask = 2147483647;
			files = (
				B51F6BBF1A6DB6A900B2DA53 /* ViewController.swift in Sources */,
				B51F6BBD1A6DB6A900B2DA53 /* AppDelegate.swift in Sources */,
				B51F6BDD1A6DB6EC00B2DA53 /* TestUser.swift in Sources */,
			);
			runOnlyForDeploymentPostprocessing = 0;
		};
		B51F6BC81A6DB6A900B2DA53 /* Sources */ = {
			isa = PBXSourcesBuildPhase;
			buildActionMask = 2147483647;
			files = (
				B51F6BE31A6DB95500B2DA53 /* TestUserTests.swift in Sources */,
				B51F6BD31A6DB6A900B2DA53 /* RealmTestCase.swift in Sources */,
			);
			runOnlyForDeploymentPostprocessing = 0;
		};
/* End PBXSourcesBuildPhase section */

/* Begin PBXTargetDependency section */
		B51F6BCE1A6DB6A900B2DA53 /* PBXTargetDependency */ = {
			isa = PBXTargetDependency;
			target = B51F6BB61A6DB6A900B2DA53 /* RealmTest */;
			targetProxy = B51F6BCD1A6DB6A900B2DA53 /* PBXContainerItemProxy */;
		};
/* End PBXTargetDependency section */

/* Begin PBXVariantGroup section */
		B51F6BC01A6DB6A900B2DA53 /* Main.storyboard */ = {
			isa = PBXVariantGroup;
			children = (
				B51F6BC11A6DB6A900B2DA53 /* Base */,
			);
			name = Main.storyboard;
			sourceTree = "<group>";
		};
		B51F6BC51A6DB6A900B2DA53 /* LaunchScreen.xib */ = {
			isa = PBXVariantGroup;
			children = (
				B51F6BC61A6DB6A900B2DA53 /* Base */,
			);
			name = LaunchScreen.xib;
			sourceTree = "<group>";
		};
/* End PBXVariantGroup section */

/* Begin XCBuildConfiguration section */
		B51F6BD41A6DB6A900B2DA53 /* Debug */ = {
			isa = XCBuildConfiguration;
			buildSettings = {
				ALWAYS_SEARCH_USER_PATHS = NO;
				CLANG_CXX_LANGUAGE_STANDARD = "gnu++0x";
				CLANG_CXX_LIBRARY = "libc++";
				CLANG_ENABLE_MODULES = YES;
				CLANG_ENABLE_OBJC_ARC = YES;
				CLANG_WARN_BOOL_CONVERSION = YES;
				CLANG_WARN_CONSTANT_CONVERSION = YES;
				CLANG_WARN_DIRECT_OBJC_ISA_USAGE = YES_ERROR;
				CLANG_WARN_EMPTY_BODY = YES;
				CLANG_WARN_ENUM_CONVERSION = YES;
				CLANG_WARN_INT_CONVERSION = YES;
				CLANG_WARN_OBJC_ROOT_CLASS = YES_ERROR;
				CLANG_WARN_UNREACHABLE_CODE = YES;
				CLANG_WARN__DUPLICATE_METHOD_MATCH = YES;
				"CODE_SIGN_IDENTITY[sdk=iphoneos*]" = "iPhone Developer";
				COPY_PHASE_STRIP = NO;
				ENABLE_STRICT_OBJC_MSGSEND = YES;
				GCC_C_LANGUAGE_STANDARD = gnu99;
				GCC_DYNAMIC_NO_PIC = NO;
				GCC_OPTIMIZATION_LEVEL = 0;
				GCC_PREPROCESSOR_DEFINITIONS = (
					"DEBUG=1",
					"$(inherited)",
				);
				GCC_SYMBOLS_PRIVATE_EXTERN = NO;
				GCC_WARN_64_TO_32_BIT_CONVERSION = YES;
				GCC_WARN_ABOUT_RETURN_TYPE = YES_ERROR;
				GCC_WARN_UNDECLARED_SELECTOR = YES;
				GCC_WARN_UNINITIALIZED_AUTOS = YES_AGGRESSIVE;
				GCC_WARN_UNUSED_FUNCTION = YES;
				GCC_WARN_UNUSED_VARIABLE = YES;
				IPHONEOS_DEPLOYMENT_TARGET = 8.1;
				MTL_ENABLE_DEBUG_INFO = YES;
				ONLY_ACTIVE_ARCH = YES;
				SDKROOT = iphoneos;
				SWIFT_OPTIMIZATION_LEVEL = "-Onone";
			};
			name = Debug;
		};
		B51F6BD51A6DB6A900B2DA53 /* Release */ = {
			isa = XCBuildConfiguration;
			buildSettings = {
				ALWAYS_SEARCH_USER_PATHS = NO;
				CLANG_CXX_LANGUAGE_STANDARD = "gnu++0x";
				CLANG_CXX_LIBRARY = "libc++";
				CLANG_ENABLE_MODULES = YES;
				CLANG_ENABLE_OBJC_ARC = YES;
				CLANG_WARN_BOOL_CONVERSION = YES;
				CLANG_WARN_CONSTANT_CONVERSION = YES;
				CLANG_WARN_DIRECT_OBJC_ISA_USAGE = YES_ERROR;
				CLANG_WARN_EMPTY_BODY = YES;
				CLANG_WARN_ENUM_CONVERSION = YES;
				CLANG_WARN_INT_CONVERSION = YES;
				CLANG_WARN_OBJC_ROOT_CLASS = YES_ERROR;
				CLANG_WARN_UNREACHABLE_CODE = YES;
				CLANG_WARN__DUPLICATE_METHOD_MATCH = YES;
				"CODE_SIGN_IDENTITY[sdk=iphoneos*]" = "iPhone Developer";
				COPY_PHASE_STRIP = YES;
				ENABLE_NS_ASSERTIONS = NO;
				ENABLE_STRICT_OBJC_MSGSEND = YES;
				GCC_C_LANGUAGE_STANDARD = gnu99;
				GCC_WARN_64_TO_32_BIT_CONVERSION = YES;
				GCC_WARN_ABOUT_RETURN_TYPE = YES_ERROR;
				GCC_WARN_UNDECLARED_SELECTOR = YES;
				GCC_WARN_UNINITIALIZED_AUTOS = YES_AGGRESSIVE;
				GCC_WARN_UNUSED_FUNCTION = YES;
				GCC_WARN_UNUSED_VARIABLE = YES;
				IPHONEOS_DEPLOYMENT_TARGET = 8.1;
				MTL_ENABLE_DEBUG_INFO = NO;
				SDKROOT = iphoneos;
				VALIDATE_PRODUCT = YES;
			};
			name = Release;
		};
		B51F6BD71A6DB6A900B2DA53 /* Debug */ = {
			isa = XCBuildConfiguration;
			baseConfigurationReference = 1F3D35979B1A6BE988698994 /* Pods-RealmTest.debug.xcconfig */;
			buildSettings = {
				ASSETCATALOG_COMPILER_APPICON_NAME = AppIcon;
				CLANG_ENABLE_MODULES = YES;
				INFOPLIST_FILE = RealmTest/Info.plist;
				LD_RUNPATH_SEARCH_PATHS = "$(inherited) @executable_path/Frameworks";
				PRODUCT_NAME = "$(TARGET_NAME)";
				SWIFT_OBJC_BRIDGING_HEADER = "RealmTest-Bridging-Header.h";
				SWIFT_OPTIMIZATION_LEVEL = "-Onone";
			};
			name = Debug;
		};
		B51F6BD81A6DB6A900B2DA53 /* Release */ = {
			isa = XCBuildConfiguration;
			baseConfigurationReference = B1483A67B5B091320B88ECB0 /* Pods-RealmTest.release.xcconfig */;
			buildSettings = {
				ASSETCATALOG_COMPILER_APPICON_NAME = AppIcon;
				CLANG_ENABLE_MODULES = YES;
				INFOPLIST_FILE = RealmTest/Info.plist;
				LD_RUNPATH_SEARCH_PATHS = "$(inherited) @executable_path/Frameworks";
				PRODUCT_NAME = "$(TARGET_NAME)";
				SWIFT_OBJC_BRIDGING_HEADER = "RealmTest-Bridging-Header.h";
			};
			name = Release;
		};
		B51F6BDA1A6DB6A900B2DA53 /* Debug */ = {
			isa = XCBuildConfiguration;
			baseConfigurationReference = 610F06B86345BC7582627B1E /* Pods-RealmTestTests.debug.xcconfig */;
			buildSettings = {
				BUNDLE_LOADER = "$(TEST_HOST)";
				FRAMEWORK_SEARCH_PATHS = (
					"$(SDKROOT)/Developer/Library/Frameworks",
					"$(inherited)",
				);
				GCC_PREPROCESSOR_DEFINITIONS = (
					"DEBUG=1",
					"$(inherited)",
				);
				INFOPLIST_FILE = RealmTestTests/Info.plist;
				LD_RUNPATH_SEARCH_PATHS = "$(inherited) @executable_path/Frameworks @loader_path/Frameworks";
				PRODUCT_NAME = "$(TARGET_NAME)";
				SWIFT_OBJC_BRIDGING_HEADER = "RealmTest-Bridging-Header.h";
				TEST_HOST = "$(BUILT_PRODUCTS_DIR)/RealmTest.app/RealmTest";
			};
			name = Debug;
		};
		B51F6BDB1A6DB6A900B2DA53 /* Release */ = {
			isa = XCBuildConfiguration;
			baseConfigurationReference = B5CEF715A3BE92090859D33A /* Pods-RealmTestTests.release.xcconfig */;
			buildSettings = {
				BUNDLE_LOADER = "$(TEST_HOST)";
				FRAMEWORK_SEARCH_PATHS = (
					"$(SDKROOT)/Developer/Library/Frameworks",
					"$(inherited)",
				);
				INFOPLIST_FILE = RealmTestTests/Info.plist;
				LD_RUNPATH_SEARCH_PATHS = "$(inherited) @executable_path/Frameworks @loader_path/Frameworks";
				PRODUCT_NAME = "$(TARGET_NAME)";
				SWIFT_OBJC_BRIDGING_HEADER = "RealmTest-Bridging-Header.h";
				TEST_HOST = "$(BUILT_PRODUCTS_DIR)/RealmTest.app/RealmTest";
			};
			name = Release;
		};
/* End XCBuildConfiguration section */

/* Begin XCConfigurationList section */
		B51F6BB21A6DB6A900B2DA53 /* Build configuration list for PBXProject "RealmTest" */ = {
			isa = XCConfigurationList;
			buildConfigurations = (
				B51F6BD41A6DB6A900B2DA53 /* Debug */,
				B51F6BD51A6DB6A900B2DA53 /* Release */,
			);
			defaultConfigurationIsVisible = 0;
			defaultConfigurationName = Release;
		};
		B51F6BD61A6DB6A900B2DA53 /* Build configuration list for PBXNativeTarget "RealmTest" */ = {
			isa = XCConfigurationList;
			buildConfigurations = (
				B51F6BD71A6DB6A900B2DA53 /* Debug */,
				B51F6BD81A6DB6A900B2DA53 /* Release */,
			);
			defaultConfigurationIsVisible = 0;
			defaultConfigurationName = Release;
		};
		B51F6BD91A6DB6A900B2DA53 /* Build configuration list for PBXNativeTarget "RealmTestTests" */ = {
			isa = XCConfigurationList;
			buildConfigurations = (
				B51F6BDA1A6DB6A900B2DA53 /* Debug */,
				B51F6BDB1A6DB6A900B2DA53 /* Release */,
			);
			defaultConfigurationIsVisible = 0;
			defaultConfigurationName = Release;
		};
/* End XCConfigurationList section */
	};
	rootObject = B51F6BAF1A6DB6A900B2DA53 /* Project object */;
}
